
Microsoft Visual Studio Solution File, Format Version 12.00
# Visual Studio 15
VisualStudioVersion = 15.0.28307.168
MinimumVisualStudioVersion = 10.0.40219.1
Project("{888888A0-9F3D-457C-B088-3A5042F75D52}") = "ManageStructuresTemplates", "ManageStructuresTemplates.pyproj", "{E332936F-0E17-4F36-944D-FB377EE415A9}"
EndProject
Project("{888888A0-9F3D-457C-B088-3A5042F75D52}") = "Utilities", "..\..\..\Utilities\Utilities.pyproj", "{167F98FF-F940-4216-A4B3-0ED2DF5E40CD}"
EndProject
Global
	GlobalSection(SolutionConfigurationPlatforms) = preSolution
		Debug|Any CPU = Debug|Any CPU
		Release|Any CPU = Release|Any CPU
	EndGlobalSection
	GlobalSection(ProjectConfigurationPlatforms) = postSolution
		{E332936F-0E17-4F36-944D-FB377EE415A9}.Debug|Any CPU.ActiveCfg = Debug|Any CPU
		{E332936F-0E17-4F36-944D-FB377EE415A9}.Release|Any CPU.ActiveCfg = Release|Any CPU
		{167F98FF-F940-4216-A4B3-0ED2DF5E40CD}.Debug|Any CPU.ActiveCfg = Debug|Any CPU
		{167F98FF-F940-4216-A4B3-0ED2DF5E40CD}.Release|Any CPU.ActiveCfg = Release|Any CPU
	EndGlobalSection
	GlobalSection(SolutionProperties) = preSolution
		HideSolutionNode = FALSE
	EndGlobalSection
	GlobalSection(ExtensibilityGlobals) = postSolution
		SolutionGuid = {304B36B3-EE34-4377-9774-E1F868756C76}
	EndGlobalSection
EndGlobal
